{
  "name": "moonwave",
  "version": "1.0.0",
  "lockfileVersion": 3,
  "requires": true,
  "packages": {
    "": {
      "name": "moonwave",
      "version": "1.0.0",
      "license": "ISC",
      "dependencies": {
        "moonwave": "^0.1.3"
      }
    },
    "node_modules/moonwave": {
      "version": "0.1.3",
      "resolved": "https://registry.npmjs.org/moonwave/-/moonwave-0.1.3.tgz",
      "integrity": "sha512-TofmDi3dtsweT/Iz1A4L07p52J/quDC0dxbmUkgVqmdTqcBfc2hqj2o862zPkhJl71Y2kmj0GjB1CZ6hI+vytQ==",
      "dependencies": {
        "space-router": "^0.4.0",
        "tiny-atom": "^0.5.0"
      }
    },
    "node_modules/space-router": {
      "version": "0.4.0",
      "resolved": "https://registry.npmjs.org/space-router/-/space-router-0.4.0.tgz",
      "integrity": "sha512-C+zADtbw+RKiXOkAzR+1c08iIgdG1TNBrcp8oHAWdUu388KMnX0m0PU3ktNqL5hpUgkxe05XZxkf2ectorzM8A=="
    },
    "node_modules/tiny-atom": {
      "version": "0.5.1",
      "resolved": "https://registry.npmjs.org/tiny-atom/-/tiny-atom-0.5.1.tgz",
      "integrity": "sha512-uBmagPk3SBZh7Up7Hoeqz5/nWekziJiWUZbPLZDvN5GNyICkKzbiiLpy3w9wdWTlrT/C1/BFuc5NhqvMytpxqw=="
    }
  }
}
