# This file is automatically @generated by Wally.
# It is not intended for manual editing.
registry = "test"

[[package]]
name = "caveful-games/rbxzstd"
version = "0.1.0"
dependencies = []

[[package]]
name = "cipharius/msgpack-luau"
version = "0.3.0"
dependencies = []

[[package]]
name = "dekkonot/base91"
version = "1.1.0"
dependencies = []

[[package]]
name = "kimpure/datastorelight"
version = "0.1.0"
dependencies = [["base91", "dekkonot/base91@1.1.0"], ["msgpack-luau", "cipharius/msgpack-luau@0.3.0"], ["rbxzstd", "caveful-games/rbxzstd@0.1.0"]]
